// !$*UTF8*$!
{
	archiveVersion = 1;
	classes = {
	};
	objectVersion = 51;
	objects = {

/* Begin PBXBuildFile section */
		3312668925F0CA8500E7B450 /* TabBarViewController.swift in Sources */ = {isa = PBXBuildFile; fileRef = 3312668825F0CA8500E7B450 /* TabBarViewController.swift */; };
		3312669425F3A38C00E7B450 /* AlternateViewController.swift in Sources */ = {isa = PBXBuildFile; fileRef = 3312669325F3A38C00E7B450 /* AlternateViewController.swift */; };
		3312669F25F48B3F00E7B450 /* SettingEmailTableViewController.swift in Sources */ = {isa = PBXBuildFile; fileRef = 3312669E25F48B3F00E7B450 /* SettingEmailTableViewController.swift */; };
		331266A425F610F500E7B450 /* ReusableParts.swift in Sources */ = {isa = PBXBuildFile; fileRef = 331266A325F610F200E7B450 /* ReusableParts.swift */; };
		331266A925F61A8600E7B450 /* VerifyPasswordViewController.swift in Sources */ = {isa = PBXBuildFile; fileRef = 331266A825F61A8500E7B450 /* VerifyPasswordViewController.swift */; };
		331266AE25F7080500E7B450 /* SettingPasswordTableViewController.swift in Sources */ = {isa = PBXBuildFile; fileRef = 331266AD25F7080400E7B450 /* SettingPasswordTableViewController.swift */; };
		331266B625F752FB00E7B450 /* SearchFriendViewController.swift in Sources */ = {isa = PBXBuildFile; fileRef = 331266B525F752FA00E7B450 /* SearchFriendViewController.swift */; };
		335E17F425FC37A2002154F5 /* Location.swift in Sources */ = {isa = PBXBuildFile; fileRef = 335E17F325FC37A2002154F5 /* Location.swift */; };
		335E17F925FC6F64002154F5 /* WeatherIcon.swift in Sources */ = {isa = PBXBuildFile; fileRef = 335E17F825FC6F63002154F5 /* WeatherIcon.swift */; };
		33703A1825E7E48C004619DB /* AppDelegate.swift in Sources */ = {isa = PBXBuildFile; fileRef = 33703A1725E7E48B004619DB /* AppDelegate.swift */; };
		33703A1A25E7E48C004619DB /* SceneDelegate.swift in Sources */ = {isa = PBXBuildFile; fileRef = 33703A1925E7E48C004619DB /* SceneDelegate.swift */; };
		33703A1C25E7E48C004619DB /* ViewController.swift in Sources */ = {isa = PBXBuildFile; fileRef = 33703A1B25E7E48C004619DB /* ViewController.swift */; };
		33703A1F25E7E48C004619DB /* Main.storyboard in Resources */ = {isa = PBXBuildFile; fileRef = 33703A1D25E7E48C004619DB /* Main.storyboard */; };
		33703A2125E7E48E004619DB /* Assets.xcassets in Resources */ = {isa = PBXBuildFile; fileRef = 33703A2025E7E48E004619DB /* Assets.xcassets */; };
		33703A2425E7E48E004619DB /* LaunchScreen.storyboard in Resources */ = {isa = PBXBuildFile; fileRef = 33703A2225E7E48E004619DB /* LaunchScreen.storyboard */; };
		33703A2F25E7E48E004619DB /* safety202102Tests.swift in Sources */ = {isa = PBXBuildFile; fileRef = 33703A2E25E7E48E004619DB /* safety202102Tests.swift */; };
		33703A3A25E7E48F004619DB /* safety202102UITests.swift in Sources */ = {isa = PBXBuildFile; fileRef = 33703A3925E7E48F004619DB /* safety202102UITests.swift */; };
		33703A4B25E8C028004619DB /* SignUpViewController.swift in Sources */ = {isa = PBXBuildFile; fileRef = 33703A4A25E8C028004619DB /* SignUpViewController.swift */; };
		33703A5025E8C44A004619DB /* MainViewController.swift in Sources */ = {isa = PBXBuildFile; fileRef = 33703A4F25E8C44A004619DB /* MainViewController.swift */; };
		33703A5525E8CCAF004619DB /* GoogleService-Info.plist in Resources */ = {isa = PBXBuildFile; fileRef = 33703A5425E8CCAF004619DB /* GoogleService-Info.plist */; };
		33703A8325E960AA004619DB /* SignInViewController.swift in Sources */ = {isa = PBXBuildFile; fileRef = 33703A8225E960AA004619DB /* SignInViewController.swift */; };
		33703A9825E9D3B7004619DB /* SettingTableViewController.swift in Sources */ = {isa = PBXBuildFile; fileRef = 33703A9725E9D3B7004619DB /* SettingTableViewController.swift */; };
		33703A9D25EA15A2004619DB /* SettingUserNameTableViewController.swift in Sources */ = {isa = PBXBuildFile; fileRef = 33703A9C25EA15A2004619DB /* SettingUserNameTableViewController.swift */; };
		33703AA725EA1F03004619DB /* AppUser.swift in Sources */ = {isa = PBXBuildFile; fileRef = 33703AA625EA1F03004619DB /* AppUser.swift */; };
		33703AB225EA5077004619DB /* MainCollectionViewCell.swift in Sources */ = {isa = PBXBuildFile; fileRef = 33703AB125EA5077004619DB /* MainCollectionViewCell.swift */; };
		33703ABA25EAD32C004619DB /* SearchViewController.swift in Sources */ = {isa = PBXBuildFile; fileRef = 33703AB925EAD32C004619DB /* SearchViewController.swift */; };
		339E233125EB1E0100D728CC /* Connect.swift in Sources */ = {isa = PBXBuildFile; fileRef = 339E233025EB1E0100D728CC /* Connect.swift */; };
		339E233625EC2CB400D728CC /* Activity.swift in Sources */ = {isa = PBXBuildFile; fileRef = 339E233525EC2CB300D728CC /* Activity.swift */; };
		33E766DB25EDE0C900398DC7 /* FriendsListTableViewCell.swift in Sources */ = {isa = PBXBuildFile; fileRef = 33E766DA25EDE0C900398DC7 /* FriendsListTableViewCell.swift */; };
		33E766E325EDE0E700398DC7 /* FriendsListTableViewController.swift in Sources */ = {isa = PBXBuildFile; fileRef = 33E766E225EDE0E700398DC7 /* FriendsListTableViewController.swift */; };
		33E766F625EF175300398DC7 /* ColorExtension.swift in Sources */ = {isa = PBXBuildFile; fileRef = 33E766F525EF175300398DC7 /* ColorExtension.swift */; };
		33E766FB25EF670900398DC7 /* Designable.swift in Sources */ = {isa = PBXBuildFile; fileRef = 33E766FA25EF670900398DC7 /* Designable.swift */; };
		867D0C0E81018FE763B70611 /* Pods_safety202102Tests.framework in Frameworks */ = {isa = PBXBuildFile; fileRef = 4C826DD05F919C81AC4F4EFA /* Pods_safety202102Tests.framework */; };
		A7834C170230B5F478B17590 /* Pods_safety202102_safety202102UITests.framework in Frameworks */ = {isa = PBXBuildFile; fileRef = 8FBEEDFF01DCD92ECE11B2BC /* Pods_safety202102_safety202102UITests.framework */; };
		CCBA2FB82E22D67C1CFD04E4 /* Pods_safety202102.framework in Frameworks */ = {isa = PBXBuildFile; fileRef = 9EC20786D1F158CDD74DC8BF /* Pods_safety202102.framework */; };
/* End PBXBuildFile section */

/* Begin PBXContainerItemProxy section */
		33703A2B25E7E48E004619DB /* PBXContainerItemProxy */ = {
			isa = PBXContainerItemProxy;
			containerPortal = 33703A0C25E7E48B004619DB /* Project object */;
			proxyType = 1;
			remoteGlobalIDString = 33703A1325E7E48B004619DB;
			remoteInfo = safety202102;
		};
		33703A3625E7E48F004619DB /* PBXContainerItemProxy */ = {
			isa = PBXContainerItemProxy;
			containerPortal = 33703A0C25E7E48B004619DB /* Project object */;
			proxyType = 1;
			remoteGlobalIDString = 33703A1325E7E48B004619DB;
			remoteInfo = safety202102;
		};
/* End PBXContainerItemProxy section */

/* Begin PBXFileReference section */
		1F89DCCAC40A713ADFC29602 /* Pods-safety202102.release.xcconfig */ = {isa = PBXFileReference; includeInIndex = 1; lastKnownFileType = text.xcconfig; name = "Pods-safety202102.release.xcconfig"; path = "Target Support Files/Pods-safety202102/Pods-safety202102.release.xcconfig"; sourceTree = "<group>"; };
		3312668825F0CA8500E7B450 /* TabBarViewController.swift */ = {isa = PBXFileReference; lastKnownFileType = sourcecode.swift; path = TabBarViewController.swift; sourceTree = "<group>"; };
		3312669325F3A38C00E7B450 /* AlternateViewController.swift */ = {isa = PBXFileReference; fileEncoding = 4; lastKnownFileType = sourcecode.swift; path = AlternateViewController.swift; sourceTree = "<group>"; };
		3312669E25F48B3F00E7B450 /* SettingEmailTableViewController.swift */ = {isa = PBXFileReference; lastKnownFileType = sourcecode.swift; path = SettingEmailTableViewController.swift; sourceTree = "<group>"; };
		331266A325F610F200E7B450 /* ReusableParts.swift */ = {isa = PBXFileReference; lastKnownFileType = sourcecode.swift; path = ReusableParts.swift; sourceTree = "<group>"; };
		331266A825F61A8500E7B450 /* VerifyPasswordViewController.swift */ = {isa = PBXFileReference; lastKnownFileType = sourcecode.swift; path = VerifyPasswordViewController.swift; sourceTree = "<group>"; };
		331266AD25F7080400E7B450 /* SettingPasswordTableViewController.swift */ = {isa = PBXFileReference; lastKnownFileType = sourcecode.swift; path = SettingPasswordTableViewController.swift; sourceTree = "<group>"; };
		331266B525F752FA00E7B450 /* SearchFriendViewController.swift */ = {isa = PBXFileReference; lastKnownFileType = sourcecode.swift; path = SearchFriendViewController.swift; sourceTree = "<group>"; };
		335E17F325FC37A2002154F5 /* Location.swift */ = {isa = PBXFileReference; lastKnownFileType = sourcecode.swift; path = Location.swift; sourceTree = "<group>"; };
		335E17F825FC6F63002154F5 /* WeatherIcon.swift */ = {isa = PBXFileReference; lastKnownFileType = sourcecode.swift; path = WeatherIcon.swift; sourceTree = "<group>"; };
		33703A1425E7E48B004619DB /* safety202102.app */ = {isa = PBXFileReference; explicitFileType = wrapper.application; includeInIndex = 0; path = safety202102.app; sourceTree = BUILT_PRODUCTS_DIR; };
		33703A1725E7E48B004619DB /* AppDelegate.swift */ = {isa = PBXFileReference; lastKnownFileType = sourcecode.swift; path = AppDelegate.swift; sourceTree = "<group>"; };
		33703A1925E7E48C004619DB /* SceneDelegate.swift */ = {isa = PBXFileReference; lastKnownFileType = sourcecode.swift; path = SceneDelegate.swift; sourceTree = "<group>"; };
		33703A1B25E7E48C004619DB /* ViewController.swift */ = {isa = PBXFileReference; lastKnownFileType = sourcecode.swift; path = ViewController.swift; sourceTree = "<group>"; };
		33703A1E25E7E48C004619DB /* Base */ = {isa = PBXFileReference; lastKnownFileType = file.storyboard; name = Base; path = Base.lproj/Main.storyboard; sourceTree = "<group>"; };
		33703A2025E7E48E004619DB /* Assets.xcassets */ = {isa = PBXFileReference; lastKnownFileType = folder.assetcatalog; path = Assets.xcassets; sourceTree = "<group>"; };
		33703A2325E7E48E004619DB /* Base */ = {isa = PBXFileReference; lastKnownFileType = file.storyboard; name = Base; path = Base.lproj/LaunchScreen.storyboard; sourceTree = "<group>"; };
		33703A2525E7E48E004619DB /* Info.plist */ = {isa = PBXFileReference; lastKnownFileType = text.plist.xml; path = Info.plist; sourceTree = "<group>"; };
		33703A2A25E7E48E004619DB /* safety202102Tests.xctest */ = {isa = PBXFileReference; explicitFileType = wrapper.cfbundle; includeInIndex = 0; path = safety202102Tests.xctest; sourceTree = BUILT_PRODUCTS_DIR; };
		33703A2E25E7E48E004619DB /* safety202102Tests.swift */ = {isa = PBXFileReference; lastKnownFileType = sourcecode.swift; path = safety202102Tests.swift; sourceTree = "<group>"; };
		33703A3025E7E48E004619DB /* Info.plist */ = {isa = PBXFileReference; lastKnownFileType = text.plist.xml; path = Info.plist; sourceTree = "<group>"; };
		33703A3525E7E48F004619DB /* safety202102UITests.xctest */ = {isa = PBXFileReference; explicitFileType = wrapper.cfbundle; includeInIndex = 0; path = safety202102UITests.xctest; sourceTree = BUILT_PRODUCTS_DIR; };
		33703A3925E7E48F004619DB /* safety202102UITests.swift */ = {isa = PBXFileReference; lastKnownFileType = sourcecode.swift; path = safety202102UITests.swift; sourceTree = "<group>"; };
		33703A3B25E7E48F004619DB /* Info.plist */ = {isa = PBXFileReference; lastKnownFileType = text.plist.xml; path = Info.plist; sourceTree = "<group>"; };
		33703A4A25E8C028004619DB /* SignUpViewController.swift */ = {isa = PBXFileReference; lastKnownFileType = sourcecode.swift; path = SignUpViewController.swift; sourceTree = "<group>"; };
		33703A4F25E8C44A004619DB /* MainViewController.swift */ = {isa = PBXFileReference; lastKnownFileType = sourcecode.swift; path = MainViewController.swift; sourceTree = "<group>"; };
		33703A5425E8CCAF004619DB /* GoogleService-Info.plist */ = {isa = PBXFileReference; fileEncoding = 4; lastKnownFileType = text.plist.xml; path = "GoogleService-Info.plist"; sourceTree = "<group>"; };
		33703A8225E960AA004619DB /* SignInViewController.swift */ = {isa = PBXFileReference; lastKnownFileType = sourcecode.swift; path = SignInViewController.swift; sourceTree = "<group>"; };
		33703A9725E9D3B7004619DB /* SettingTableViewController.swift */ = {isa = PBXFileReference; lastKnownFileType = sourcecode.swift; path = SettingTableViewController.swift; sourceTree = "<group>"; };
		33703A9C25EA15A2004619DB /* SettingUserNameTableViewController.swift */ = {isa = PBXFileReference; lastKnownFileType = sourcecode.swift; path = SettingUserNameTableViewController.swift; sourceTree = "<group>"; };
		33703AA625EA1F03004619DB /* AppUser.swift */ = {isa = PBXFileReference; lastKnownFileType = sourcecode.swift; path = AppUser.swift; sourceTree = "<group>"; };
		33703AB125EA5077004619DB /* MainCollectionViewCell.swift */ = {isa = PBXFileReference; lastKnownFileType = sourcecode.swift; path = MainCollectionViewCell.swift; sourceTree = "<group>"; };
		33703AB925EAD32C004619DB /* SearchViewController.swift */ = {isa = PBXFileReference; lastKnownFileType = sourcecode.swift; path = SearchViewController.swift; sourceTree = "<group>"; };
		339E233025EB1E0100D728CC /* Connect.swift */ = {isa = PBXFileReference; lastKnownFileType = sourcecode.swift; path = Connect.swift; sourceTree = "<group>"; };
		339E233525EC2CB300D728CC /* Activity.swift */ = {isa = PBXFileReference; lastKnownFileType = sourcecode.swift; path = Activity.swift; sourceTree = "<group>"; };
		33E766DA25EDE0C900398DC7 /* FriendsListTableViewCell.swift */ = {isa = PBXFileReference; lastKnownFileType = sourcecode.swift; path = FriendsListTableViewCell.swift; sourceTree = "<group>"; };
		33E766E225EDE0E700398DC7 /* FriendsListTableViewController.swift */ = {isa = PBXFileReference; lastKnownFileType = sourcecode.swift; path = FriendsListTableViewController.swift; sourceTree = "<group>"; };
		33E766F525EF175300398DC7 /* ColorExtension.swift */ = {isa = PBXFileReference; lastKnownFileType = sourcecode.swift; path = ColorExtension.swift; sourceTree = "<group>"; };
		33E766FA25EF670900398DC7 /* Designable.swift */ = {isa = PBXFileReference; lastKnownFileType = sourcecode.swift; path = Designable.swift; sourceTree = "<group>"; };
		4C826DD05F919C81AC4F4EFA /* Pods_safety202102Tests.framework */ = {isa = PBXFileReference; explicitFileType = wrapper.framework; includeInIndex = 0; path = Pods_safety202102Tests.framework; sourceTree = BUILT_PRODUCTS_DIR; };
		5912135AF1552D2F1AA265DA /* Pods-safety202102-safety202102UITests.debug.xcconfig */ = {isa = PBXFileReference; includeInIndex = 1; lastKnownFileType = text.xcconfig; name = "Pods-safety202102-safety202102UITests.debug.xcconfig"; path = "Target Support Files/Pods-safety202102-safety202102UITests/Pods-safety202102-safety202102UITests.debug.xcconfig"; sourceTree = "<group>"; };
		5E7B2DD5B5563297A43A56E5 /* Pods-safety202102.debug.xcconfig */ = {isa = PBXFileReference; includeInIndex = 1; lastKnownFileType = text.xcconfig; name = "Pods-safety202102.debug.xcconfig"; path = "Target Support Files/Pods-safety202102/Pods-safety202102.debug.xcconfig"; sourceTree = "<group>"; };
		824115DB8F2EF2E2D70BE9D2 /* Pods-safety202102-safety202102UITests.release.xcconfig */ = {isa = PBXFileReference; includeInIndex = 1; lastKnownFileType = text.xcconfig; name = "Pods-safety202102-safety202102UITests.release.xcconfig"; path = "Target Support Files/Pods-safety202102-safety202102UITests/Pods-safety202102-safety202102UITests.release.xcconfig"; sourceTree = "<group>"; };
		8FBEEDFF01DCD92ECE11B2BC /* Pods_safety202102_safety202102UITests.framework */ = {isa = PBXFileReference; explicitFileType = wrapper.framework; includeInIndex = 0; path = Pods_safety202102_safety202102UITests.framework; sourceTree = BUILT_PRODUCTS_DIR; };
		93FA50F54EEC0DEA564E9AE8 /* Pods-safety202102Tests.debug.xcconfig */ = {isa = PBXFileReference; includeInIndex = 1; lastKnownFileType = text.xcconfig; name = "Pods-safety202102Tests.debug.xcconfig"; path = "Target Support Files/Pods-safety202102Tests/Pods-safety202102Tests.debug.xcconfig"; sourceTree = "<group>"; };
		9EC20786D1F158CDD74DC8BF /* Pods_safety202102.framework */ = {isa = PBXFileReference; explicitFileType = wrapper.framework; includeInIndex = 0; path = Pods_safety202102.framework; sourceTree = BUILT_PRODUCTS_DIR; };
		E09DB7CCFD60F516A6A53C89 /* Pods-safety202102Tests.release.xcconfig */ = {isa = PBXFileReference; includeInIndex = 1; lastKnownFileType = text.xcconfig; name = "Pods-safety202102Tests.release.xcconfig"; path = "Target Support Files/Pods-safety202102Tests/Pods-safety202102Tests.release.xcconfig"; sourceTree = "<group>"; };
/* End PBXFileReference section */

/* Begin PBXFrameworksBuildPhase section */
		33703A1125E7E48B004619DB /* Frameworks */ = {
			isa = PBXFrameworksBuildPhase;
			buildActionMask = 2147483647;
			files = (
				CCBA2FB82E22D67C1CFD04E4 /* Pods_safety202102.framework in Frameworks */,
			);
			runOnlyForDeploymentPostprocessing = 0;
		};
		33703A2725E7E48E004619DB /* Frameworks */ = {
			isa = PBXFrameworksBuildPhase;
			buildActionMask = 2147483647;
			files = (
				867D0C0E81018FE763B70611 /* Pods_safety202102Tests.framework in Frameworks */,
			);
			runOnlyForDeploymentPostprocessing = 0;
		};
		33703A3225E7E48E004619DB /* Frameworks */ = {
			isa = PBXFrameworksBuildPhase;
			buildActionMask = 2147483647;
			files = (
				A7834C170230B5F478B17590 /* Pods_safety202102_safety202102UITests.framework in Frameworks */,
			);
			runOnlyForDeploymentPostprocessing = 0;
		};
/* End PBXFrameworksBuildPhase section */

/* Begin PBXGroup section */
		33703A0B25E7E48B004619DB = {
			isa = PBXGroup;
			children = (
				33703A1625E7E48B004619DB /* safety202102 */,
				33703A2D25E7E48E004619DB /* safety202102Tests */,
				33703A3825E7E48F004619DB /* safety202102UITests */,
				33703A1525E7E48B004619DB /* Products */,
				40EDFB326E877065E24766A9 /* Pods */,
				CFF697E31F7E4627015AF74A /* Frameworks */,
			);
			sourceTree = "<group>";
		};
		33703A1525E7E48B004619DB /* Products */ = {
			isa = PBXGroup;
			children = (
				33703A1425E7E48B004619DB /* safety202102.app */,
				33703A2A25E7E48E004619DB /* safety202102Tests.xctest */,
				33703A3525E7E48F004619DB /* safety202102UITests.xctest */,
			);
			name = Products;
			sourceTree = "<group>";
		};
		33703A1625E7E48B004619DB /* safety202102 */ = {
			isa = PBXGroup;
			children = (
				33703A1725E7E48B004619DB /* AppDelegate.swift */,
				33703A1925E7E48C004619DB /* SceneDelegate.swift */,
				33703A1B25E7E48C004619DB /* ViewController.swift */,
				33703A1D25E7E48C004619DB /* Main.storyboard */,
				33703A5425E8CCAF004619DB /* GoogleService-Info.plist */,
				33703A2025E7E48E004619DB /* Assets.xcassets */,
				33703A2225E7E48E004619DB /* LaunchScreen.storyboard */,
				33703A2525E7E48E004619DB /* Info.plist */,
				33703A4A25E8C028004619DB /* SignUpViewController.swift */,
				33703A8225E960AA004619DB /* SignInViewController.swift */,
				3312668825F0CA8500E7B450 /* TabBarViewController.swift */,
				33703A4F25E8C44A004619DB /* MainViewController.swift */,
				33703AB125EA5077004619DB /* MainCollectionViewCell.swift */,
				3312669325F3A38C00E7B450 /* AlternateViewController.swift */,
				33703A9725E9D3B7004619DB /* SettingTableViewController.swift */,
				33703AA125EA1D8F004619DB /* Settings */,
				33703AA525EA1EE2004619DB /* Models */,
				33E766F525EF175300398DC7 /* ColorExtension.swift */,
				33E766FA25EF670900398DC7 /* Designable.swift */,
				331266A325F610F200E7B450 /* ReusableParts.swift */,
				335E17F325FC37A2002154F5 /* Location.swift */,
				335E17F825FC6F63002154F5 /* WeatherIcon.swift */,
			);
			path = safety202102;
			sourceTree = "<group>";
		};
		33703A2D25E7E48E004619DB /* safety202102Tests */ = {
			isa = PBXGroup;
			children = (
				33703A2E25E7E48E004619DB /* safety202102Tests.swift */,
				33703A3025E7E48E004619DB /* Info.plist */,
			);
			path = safety202102Tests;
			sourceTree = "<group>";
		};
		33703A3825E7E48F004619DB /* safety202102UITests */ = {
			isa = PBXGroup;
			children = (
				33703A3925E7E48F004619DB /* safety202102UITests.swift */,
				33703A3B25E7E48F004619DB /* Info.plist */,
			);
			path = safety202102UITests;
			sourceTree = "<group>";
		};
		33703AA125EA1D8F004619DB /* Settings */ = {
			isa = PBXGroup;
			children = (
				33703A9C25EA15A2004619DB /* SettingUserNameTableViewController.swift */,
				3312669E25F48B3F00E7B450 /* SettingEmailTableViewController.swift */,
				331266AD25F7080400E7B450 /* SettingPasswordTableViewController.swift */,
				33703AB925EAD32C004619DB /* SearchViewController.swift */,
				331266B525F752FA00E7B450 /* SearchFriendViewController.swift */,
				33E766E225EDE0E700398DC7 /* FriendsListTableViewController.swift */,
				33E766DA25EDE0C900398DC7 /* FriendsListTableViewCell.swift */,
				331266A825F61A8500E7B450 /* VerifyPasswordViewController.swift */,
			);
			path = Settings;
			sourceTree = "<group>";
		};
		33703AA525EA1EE2004619DB /* Models */ = {
			isa = PBXGroup;
			children = (
				33703AA625EA1F03004619DB /* AppUser.swift */,
				339E233025EB1E0100D728CC /* Connect.swift */,
				339E233525EC2CB300D728CC /* Activity.swift */,
			);
			path = Models;
			sourceTree = "<group>";
		};
		40EDFB326E877065E24766A9 /* Pods */ = {
			isa = PBXGroup;
			children = (
				5E7B2DD5B5563297A43A56E5 /* Pods-safety202102.debug.xcconfig */,
				1F89DCCAC40A713ADFC29602 /* Pods-safety202102.release.xcconfig */,
				5912135AF1552D2F1AA265DA /* Pods-safety202102-safety202102UITests.debug.xcconfig */,
				824115DB8F2EF2E2D70BE9D2 /* Pods-safety202102-safety202102UITests.release.xcconfig */,
				93FA50F54EEC0DEA564E9AE8 /* Pods-safety202102Tests.debug.xcconfig */,
				E09DB7CCFD60F516A6A53C89 /* Pods-safety202102Tests.release.xcconfig */,
			);
			path = Pods;
			sourceTree = "<group>";
		};
		CFF697E31F7E4627015AF74A /* Frameworks */ = {
			isa = PBXGroup;
			children = (
				9EC20786D1F158CDD74DC8BF /* Pods_safety202102.framework */,
				8FBEEDFF01DCD92ECE11B2BC /* Pods_safety202102_safety202102UITests.framework */,
				4C826DD05F919C81AC4F4EFA /* Pods_safety202102Tests.framework */,
			);
			name = Frameworks;
			sourceTree = "<group>";
		};
/* End PBXGroup section */

/* Begin PBXNativeTarget section */
		33703A1325E7E48B004619DB /* safety202102 */ = {
			isa = PBXNativeTarget;
			buildConfigurationList = 33703A3E25E7E48F004619DB /* Build configuration list for PBXNativeTarget "safety202102" */;
			buildPhases = (
				DBA02C393FF62394D74BA3FE /* [CP] Check Pods Manifest.lock */,
				33703A1025E7E48B004619DB /* Sources */,
				33703A1125E7E48B004619DB /* Frameworks */,
				33703A1225E7E48B004619DB /* Resources */,
				57B86758F48B7214E753F02F /* [CP] Embed Pods Frameworks */,
			);
			buildRules = (
			);
			dependencies = (
			);
			name = safety202102;
			productName = safety202102;
			productReference = 33703A1425E7E48B004619DB /* safety202102.app */;
			productType = "com.apple.product-type.application";
		};
		33703A2925E7E48E004619DB /* safety202102Tests */ = {
			isa = PBXNativeTarget;
			buildConfigurationList = 33703A4125E7E48F004619DB /* Build configuration list for PBXNativeTarget "safety202102Tests" */;
			buildPhases = (
				AD31EEE8E091B3AE3EA9F9EE /* [CP] Check Pods Manifest.lock */,
				33703A2625E7E48E004619DB /* Sources */,
				33703A2725E7E48E004619DB /* Frameworks */,
				33703A2825E7E48E004619DB /* Resources */,
			);
			buildRules = (
			);
			dependencies = (
				33703A2C25E7E48E004619DB /* PBXTargetDependency */,
			);
			name = safety202102Tests;
			productName = safety202102Tests;
			productReference = 33703A2A25E7E48E004619DB /* safety202102Tests.xctest */;
			productType = "com.apple.product-type.bundle.unit-test";
		};
		33703A3425E7E48E004619DB /* safety202102UITests */ = {
			isa = PBXNativeTarget;
			buildConfigurationList = 33703A4425E7E48F004619DB /* Build configuration list for PBXNativeTarget "safety202102UITests" */;
			buildPhases = (
				ACD2E468632741C57A1BE317 /* [CP] Check Pods Manifest.lock */,
				33703A3125E7E48E004619DB /* Sources */,
				33703A3225E7E48E004619DB /* Frameworks */,
				33703A3325E7E48E004619DB /* Resources */,
				C56D36AC230880CD96F059FE /* [CP] Embed Pods Frameworks */,
			);
			buildRules = (
			);
			dependencies = (
				33703A3725E7E48F004619DB /* PBXTargetDependency */,
			);
			name = safety202102UITests;
			productName = safety202102UITests;
			productReference = 33703A3525E7E48F004619DB /* safety202102UITests.xctest */;
			productType = "com.apple.product-type.bundle.ui-testing";
		};
/* End PBXNativeTarget section */

/* Begin PBXProject section */
		33703A0C25E7E48B004619DB /* Project object */ = {
			isa = PBXProject;
			attributes = {
				LastSwiftUpdateCheck = 1230;
				LastUpgradeCheck = 1230;
				TargetAttributes = {
					33703A1325E7E48B004619DB = {
						CreatedOnToolsVersion = 12.3;
					};
					33703A2925E7E48E004619DB = {
						CreatedOnToolsVersion = 12.3;
						TestTargetID = 33703A1325E7E48B004619DB;
					};
					33703A3425E7E48E004619DB = {
						CreatedOnToolsVersion = 12.3;
						TestTargetID = 33703A1325E7E48B004619DB;
					};
				};
			};
			buildConfigurationList = 33703A0F25E7E48B004619DB /* Build configuration list for PBXProject "safety202102" */;
			compatibilityVersion = "Xcode 9.3";
			developmentRegion = en;
			hasScannedForEncodings = 0;
			knownRegions = (
				en,
				Base,
			);
			mainGroup = 33703A0B25E7E48B004619DB;
			productRefGroup = 33703A1525E7E48B004619DB /* Products */;
			projectDirPath = "";
			projectRoot = "";
			targets = (
				33703A1325E7E48B004619DB /* safety202102 */,
				33703A2925E7E48E004619DB /* safety202102Tests */,
				33703A3425E7E48E004619DB /* safety202102UITests */,
			);
		};
/* End PBXProject section */

/* Begin PBXResourcesBuildPhase section */
		33703A1225E7E48B004619DB /* Resources */ = {
			isa = PBXResourcesBuildPhase;
			buildActionMask = 2147483647;
			files = (
				33703A2425E7E48E004619DB /* LaunchScreen.storyboard in Resources */,
				33703A2125E7E48E004619DB /* Assets.xcassets in Resources */,
				33703A5525E8CCAF004619DB /* GoogleService-Info.plist in Resources */,
				33703A1F25E7E48C004619DB /* Main.storyboard in Resources */,
			);
			runOnlyForDeploymentPostprocessing = 0;
		};
		33703A2825E7E48E004619DB /* Resources */ = {
			isa = PBXResourcesBuildPhase;
			buildActionMask = 2147483647;
			files = (
			);
			runOnlyForDeploymentPostprocessing = 0;
		};
		33703A3325E7E48E004619DB /* Resources */ = {
			isa = PBXResourcesBuildPhase;
			buildActionMask = 2147483647;
			files = (
			);
			runOnlyForDeploymentPostprocessing = 0;
		};
/* End PBXResourcesBuildPhase section */

/* Begin PBXShellScriptBuildPhase section */
		57B86758F48B7214E753F02F /* [CP] Embed Pods Frameworks */ = {
			isa = PBXShellScriptBuildPhase;
			buildActionMask = 2147483647;
			files = (
			);
			inputFileListPaths = (
				"${PODS_ROOT}/Target Support Files/Pods-safety202102/Pods-safety202102-frameworks-${CONFIGURATION}-input-files.xcfilelist",
			);
			name = "[CP] Embed Pods Frameworks";
			outputFileListPaths = (
				"${PODS_ROOT}/Target Support Files/Pods-safety202102/Pods-safety202102-frameworks-${CONFIGURATION}-output-files.xcfilelist",
			);
			runOnlyForDeploymentPostprocessing = 0;
			shellPath = /bin/sh;
			shellScript = "\"${PODS_ROOT}/Target Support Files/Pods-safety202102/Pods-safety202102-frameworks.sh\"\n";
			showEnvVarsInLog = 0;
		};
		ACD2E468632741C57A1BE317 /* [CP] Check Pods Manifest.lock */ = {
			isa = PBXShellScriptBuildPhase;
			buildActionMask = 2147483647;
			files = (
			);
			inputFileListPaths = (
			);
			inputPaths = (
				"${PODS_PODFILE_DIR_PATH}/Podfile.lock",
				"${PODS_ROOT}/Manifest.lock",
			);
			name = "[CP] Check Pods Manifest.lock";
			outputFileListPaths = (
			);
			outputPaths = (
				"$(DERIVED_FILE_DIR)/Pods-safety202102-safety202102UITests-checkManifestLockResult.txt",
			);
			runOnlyForDeploymentPostprocessing = 0;
			shellPath = /bin/sh;
			shellScript = "diff \"${PODS_PODFILE_DIR_PATH}/Podfile.lock\" \"${PODS_ROOT}/Manifest.lock\" > /dev/null\nif [ $? != 0 ] ; then\n    # print error to STDERR\n    echo \"error: The sandbox is not in sync with the Podfile.lock. Run 'pod install' or update your CocoaPods installation.\" >&2\n    exit 1\nfi\n# This output is used by Xcode 'outputs' to avoid re-running this script phase.\necho \"SUCCESS\" > \"${SCRIPT_OUTPUT_FILE_0}\"\n";
			showEnvVarsInLog = 0;
		};
		AD31EEE8E091B3AE3EA9F9EE /* [CP] Check Pods Manifest.lock */ = {
			isa = PBXShellScriptBuildPhase;
			buildActionMask = 2147483647;
			files = (
			);
			inputFileListPaths = (
			);
			inputPaths = (
				"${PODS_PODFILE_DIR_PATH}/Podfile.lock",
				"${PODS_ROOT}/Manifest.lock",
			);
			name = "[CP] Check Pods Manifest.lock";
			outputFileListPaths = (
			);
			outputPaths = (
				"$(DERIVED_FILE_DIR)/Pods-safety202102Tests-checkManifestLockResult.txt",
			);
			runOnlyForDeploymentPostprocessing = 0;
			shellPath = /bin/sh;
			shellScript = "diff \"${PODS_PODFILE_DIR_PATH}/Podfile.lock\" \"${PODS_ROOT}/Manifest.lock\" > /dev/null\nif [ $? != 0 ] ; then\n    # print error to STDERR\n    echo \"error: The sandbox is not in sync with the Podfile.lock. Run 'pod install' or update your CocoaPods installation.\" >&2\n    exit 1\nfi\n# This output is used by Xcode 'outputs' to avoid re-running this script phase.\necho \"SUCCESS\" > \"${SCRIPT_OUTPUT_FILE_0}\"\n";
			showEnvVarsInLog = 0;
		};
		C56D36AC230880CD96F059FE /* [CP] Embed Pods Frameworks */ = {
			isa = PBXShellScriptBuildPhase;
			buildActionMask = 2147483647;
			files = (
			);
			inputFileListPaths = (
				"${PODS_ROOT}/Target Support Files/Pods-safety202102-safety202102UITests/Pods-safety202102-safety202102UITests-frameworks-${CONFIGURATION}-input-files.xcfilelist",
			);
			name = "[CP] Embed Pods Frameworks";
			outputFileListPaths = (
				"${PODS_ROOT}/Target Support Files/Pods-safety202102-safety202102UITests/Pods-safety202102-safety202102UITests-frameworks-${CONFIGURATION}-output-files.xcfilelist",
			);
			runOnlyForDeploymentPostprocessing = 0;
			shellPath = /bin/sh;
			shellScript = "\"${PODS_ROOT}/Target Support Files/Pods-safety202102-safety202102UITests/Pods-safety202102-safety202102UITests-frameworks.sh\"\n";
			showEnvVarsInLog = 0;
		};
		DBA02C393FF62394D74BA3FE /* [CP] Check Pods Manifest.lock */ = {
			isa = PBXShellScriptBuildPhase;
			buildActionMask = 2147483647;
			files = (
			);
			inputFileListPaths = (
			);
			inputPaths = (
				"${PODS_PODFILE_DIR_PATH}/Podfile.lock",
				"${PODS_ROOT}/Manifest.lock",
			);
			name = "[CP] Check Pods Manifest.lock";
			outputFileListPaths = (
			);
			outputPaths = (
				"$(DERIVED_FILE_DIR)/Pods-safety202102-checkManifestLockResult.txt",
			);
			runOnlyForDeploymentPostprocessing = 0;
			shellPath = /bin/sh;
			shellScript = "diff \"${PODS_PODFILE_DIR_PATH}/Podfile.lock\" \"${PODS_ROOT}/Manifest.lock\" > /dev/null\nif [ $? != 0 ] ; then\n    # print error to STDERR\n    echo \"error: The sandbox is not in sync with the Podfile.lock. Run 'pod install' or update your CocoaPods installation.\" >&2\n    exit 1\nfi\n# This output is used by Xcode 'outputs' to avoid re-running this script phase.\necho \"SUCCESS\" > \"${SCRIPT_OUTPUT_FILE_0}\"\n";
			showEnvVarsInLog = 0;
		};
/* End PBXShellScriptBuildPhase section */

/* Begin PBXSourcesBuildPhase section */
		33703A1025E7E48B004619DB /* Sources */ = {
			isa = PBXSourcesBuildPhase;
			buildActionMask = 2147483647;
			files = (
				33703A9D25EA15A2004619DB /* SettingUserNameTableViewController.swift in Sources */,
				331266A425F610F500E7B450 /* ReusableParts.swift in Sources */,
				331266A925F61A8600E7B450 /* VerifyPasswordViewController.swift in Sources */,
				33703A9825E9D3B7004619DB /* SettingTableViewController.swift in Sources */,
				339E233625EC2CB400D728CC /* Activity.swift in Sources */,
				33E766DB25EDE0C900398DC7 /* FriendsListTableViewCell.swift in Sources */,
				33703A1C25E7E48C004619DB /* ViewController.swift in Sources */,
				335E17F425FC37A2002154F5 /* Location.swift in Sources */,
				339E233125EB1E0100D728CC /* Connect.swift in Sources */,
				33E766F625EF175300398DC7 /* ColorExtension.swift in Sources */,
				33703A1825E7E48C004619DB /* AppDelegate.swift in Sources */,
				33703A8325E960AA004619DB /* SignInViewController.swift in Sources */,
				33703A4B25E8C028004619DB /* SignUpViewController.swift in Sources */,
				33703ABA25EAD32C004619DB /* SearchViewController.swift in Sources */,
				33E766FB25EF670900398DC7 /* Designable.swift in Sources */,
				33703AA725EA1F03004619DB /* AppUser.swift in Sources */,
				3312669F25F48B3F00E7B450 /* SettingEmailTableViewController.swift in Sources */,
				331266B625F752FB00E7B450 /* SearchFriendViewController.swift in Sources */,
				3312668925F0CA8500E7B450 /* TabBarViewController.swift in Sources */,
				33703AB225EA5077004619DB /* MainCollectionViewCell.swift in Sources */,
				331266AE25F7080500E7B450 /* SettingPasswordTableViewController.swift in Sources */,
				33703A1A25E7E48C004619DB /* SceneDelegate.swift in Sources */,
				33E766E325EDE0E700398DC7 /* FriendsListTableViewController.swift in Sources */,
				33703A5025E8C44A004619DB /* MainViewController.swift in Sources */,
				3312669425F3A38C00E7B450 /* AlternateViewController.swift in Sources */,
				335E17F925FC6F64002154F5 /* WeatherIcon.swift in Sources */,
			);
			runOnlyForDeploymentPostprocessing = 0;
		};
		33703A2625E7E48E004619DB /* Sources */ = {
			isa = PBXSourcesBuildPhase;
			buildActionMask = 2147483647;
			files = (
				33703A2F25E7E48E004619DB /* safety202102Tests.swift in Sources */,
			);
			runOnlyForDeploymentPostprocessing = 0;
		};
		33703A3125E7E48E004619DB /* Sources */ = {
			isa = PBXSourcesBuildPhase;
			buildActionMask = 2147483647;
			files = (
				33703A3A25E7E48F004619DB /* safety202102UITests.swift in Sources */,
			);
			runOnlyForDeploymentPostprocessing = 0;
		};
/* End PBXSourcesBuildPhase section */

/* Begin PBXTargetDependency section */
		33703A2C25E7E48E004619DB /* PBXTargetDependency */ = {
			isa = PBXTargetDependency;
			target = 33703A1325E7E48B004619DB /* safety202102 */;
			targetProxy = 33703A2B25E7E48E004619DB /* PBXContainerItemProxy */;
		};
		33703A3725E7E48F004619DB /* PBXTargetDependency */ = {
			isa = PBXTargetDependency;
			target = 33703A1325E7E48B004619DB /* safety202102 */;
			targetProxy = 33703A3625E7E48F004619DB /* PBXContainerItemProxy */;
		};
/* End PBXTargetDependency section */

/* Begin PBXVariantGroup section */
		33703A1D25E7E48C004619DB /* Main.storyboard */ = {
			isa = PBXVariantGroup;
			children = (
				33703A1E25E7E48C004619DB /* Base */,
			);
			name = Main.storyboard;
			sourceTree = "<group>";
		};
		33703A2225E7E48E004619DB /* LaunchScreen.storyboard */ = {
			isa = PBXVariantGroup;
			children = (
				33703A2325E7E48E004619DB /* Base */,
			);
			name = LaunchScreen.storyboard;
			sourceTree = "<group>";
		};
/* End PBXVariantGroup section */

/* Begin XCBuildConfiguration section */
		33703A3C25E7E48F004619DB /* Debug */ = {
			isa = XCBuildConfiguration;
			buildSettings = {
				ALWAYS_SEARCH_USER_PATHS = NO;
				CLANG_ANALYZER_NONNULL = YES;
				CLANG_ANALYZER_NUMBER_OBJECT_CONVERSION = YES_AGGRESSIVE;
				CLANG_CXX_LANGUAGE_STANDARD = "gnu++14";
				CLANG_CXX_LIBRARY = "libc++";
				CLANG_ENABLE_MODULES = YES;
				CLANG_ENABLE_OBJC_ARC = YES;
				CLANG_ENABLE_OBJC_WEAK = YES;
				CLANG_WARN_BLOCK_CAPTURE_AUTORELEASING = YES;
				CLANG_WARN_BOOL_CONVERSION = YES;
				CLANG_WARN_COMMA = YES;
				CLANG_WARN_CONSTANT_CONVERSION = YES;
				CLANG_WARN_DEPRECATED_OBJC_IMPLEMENTATIONS = YES;
				CLANG_WARN_DIRECT_OBJC_ISA_USAGE = YES_ERROR;
				CLANG_WARN_DOCUMENTATION_COMMENTS = YES;
				CLANG_WARN_EMPTY_BODY = YES;
				CLANG_WARN_ENUM_CONVERSION = YES;
				CLANG_WARN_INFINITE_RECURSION = YES;
				CLANG_WARN_INT_CONVERSION = YES;
				CLANG_WARN_NON_LITERAL_NULL_CONVERSION = YES;
				CLANG_WARN_OBJC_IMPLICIT_RETAIN_SELF = YES;
				CLANG_WARN_OBJC_LITERAL_CONVERSION = YES;
				CLANG_WARN_OBJC_ROOT_CLASS = YES_ERROR;
				CLANG_WARN_QUOTED_INCLUDE_IN_FRAMEWORK_HEADER = YES;
				CLANG_WARN_RANGE_LOOP_ANALYSIS = YES;
				CLANG_WARN_STRICT_PROTOTYPES = YES;
				CLANG_WARN_SUSPICIOUS_MOVE = YES;
				CLANG_WARN_UNGUARDED_AVAILABILITY = YES_AGGRESSIVE;
				CLANG_WARN_UNREACHABLE_CODE = YES;
				CLANG_WARN__DUPLICATE_METHOD_MATCH = YES;
				COPY_PHASE_STRIP = NO;
				DEBUG_INFORMATION_FORMAT = dwarf;
				ENABLE_STRICT_OBJC_MSGSEND = YES;
				ENABLE_TESTABILITY = YES;
				GCC_C_LANGUAGE_STANDARD = gnu11;
				GCC_DYNAMIC_NO_PIC = NO;
				GCC_NO_COMMON_BLOCKS = YES;
				GCC_OPTIMIZATION_LEVEL = 0;
				GCC_PREPROCESSOR_DEFINITIONS = (
					"DEBUG=1",
					"$(inherited)",
				);
				GCC_WARN_64_TO_32_BIT_CONVERSION = YES;
				GCC_WARN_ABOUT_RETURN_TYPE = YES_ERROR;
				GCC_WARN_UNDECLARED_SELECTOR = YES;
				GCC_WARN_UNINITIALIZED_AUTOS = YES_AGGRESSIVE;
				GCC_WARN_UNUSED_FUNCTION = YES;
				GCC_WARN_UNUSED_VARIABLE = YES;
				IPHONEOS_DEPLOYMENT_TARGET = 14.3;
				MTL_ENABLE_DEBUG_INFO = INCLUDE_SOURCE;
				MTL_FAST_MATH = YES;
				ONLY_ACTIVE_ARCH = YES;
				SDKROOT = iphoneos;
				SWIFT_ACTIVE_COMPILATION_CONDITIONS = DEBUG;
				SWIFT_OPTIMIZATION_LEVEL = "-Onone";
			};
			name = Debug;
		};
		33703A3D25E7E48F004619DB /* Release */ = {
			isa = XCBuildConfiguration;
			buildSettings = {
				ALWAYS_SEARCH_USER_PATHS = NO;
				CLANG_ANALYZER_NONNULL = YES;
				CLANG_ANALYZER_NUMBER_OBJECT_CONVERSION = YES_AGGRESSIVE;
				CLANG_CXX_LANGUAGE_STANDARD = "gnu++14";
				CLANG_CXX_LIBRARY = "libc++";
				CLANG_ENABLE_MODULES = YES;
				CLANG_ENABLE_OBJC_ARC = YES;
				CLANG_ENABLE_OBJC_WEAK = YES;
				CLANG_WARN_BLOCK_CAPTURE_AUTORELEASING = YES;
				CLANG_WARN_BOOL_CONVERSION = YES;
				CLANG_WARN_COMMA = YES;
				CLANG_WARN_CONSTANT_CONVERSION = YES;
				CLANG_WARN_DEPRECATED_OBJC_IMPLEMENTATIONS = YES;
				CLANG_WARN_DIRECT_OBJC_ISA_USAGE = YES_ERROR;
				CLANG_WARN_DOCUMENTATION_COMMENTS = YES;
				CLANG_WARN_EMPTY_BODY = YES;
				CLANG_WARN_ENUM_CONVERSION = YES;
				CLANG_WARN_INFINITE_RECURSION = YES;
				CLANG_WARN_INT_CONVERSION = YES;
				CLANG_WARN_NON_LITERAL_NULL_CONVERSION = YES;
				CLANG_WARN_OBJC_IMPLICIT_RETAIN_SELF = YES;
				CLANG_WARN_OBJC_LITERAL_CONVERSION = YES;
				CLANG_WARN_OBJC_ROOT_CLASS = YES_ERROR;
				CLANG_WARN_QUOTED_INCLUDE_IN_FRAMEWORK_HEADER = YES;
				CLANG_WARN_RANGE_LOOP_ANALYSIS = YES;
				CLANG_WARN_STRICT_PROTOTYPES = YES;
				CLANG_WARN_SUSPICIOUS_MOVE = YES;
				CLANG_WARN_UNGUARDED_AVAILABILITY = YES_AGGRESSIVE;
				CLANG_WARN_UNREACHABLE_CODE = YES;
				CLANG_WARN__DUPLICATE_METHOD_MATCH = YES;
				COPY_PHASE_STRIP = NO;
				DEBUG_INFORMATION_FORMAT = "dwarf-with-dsym";
				ENABLE_NS_ASSERTIONS = NO;
				ENABLE_STRICT_OBJC_MSGSEND = YES;
				GCC_C_LANGUAGE_STANDARD = gnu11;
				GCC_NO_COMMON_BLOCKS = YES;
				GCC_WARN_64_TO_32_BIT_CONVERSION = YES;
				GCC_WARN_ABOUT_RETURN_TYPE = YES_ERROR;
				GCC_WARN_UNDECLARED_SELECTOR = YES;
				GCC_WARN_UNINITIALIZED_AUTOS = YES_AGGRESSIVE;
				GCC_WARN_UNUSED_FUNCTION = YES;
				GCC_WARN_UNUSED_VARIABLE = YES;
				IPHONEOS_DEPLOYMENT_TARGET = 14.3;
				MTL_ENABLE_DEBUG_INFO = NO;
				MTL_FAST_MATH = YES;
				SDKROOT = iphoneos;
				SWIFT_COMPILATION_MODE = wholemodule;
				SWIFT_OPTIMIZATION_LEVEL = "-O";
				VALIDATE_PRODUCT = YES;
			};
			name = Release;
		};
		33703A3F25E7E48F004619DB /* Debug */ = {
			isa = XCBuildConfiguration;
			baseConfigurationReference = 5E7B2DD5B5563297A43A56E5 /* Pods-safety202102.debug.xcconfig */;
			buildSettings = {
				ASSETCATALOG_COMPILER_APPICON_NAME = AppIcon;
				ASSETCATALOG_COMPILER_GLOBAL_ACCENT_COLOR_NAME = AccentColor;
				CODE_SIGN_STYLE = Automatic;
				DEVELOPMENT_TEAM = 9J75UHWJ2Q;
				INFOPLIST_FILE = safety202102/Info.plist;
				LD_RUNPATH_SEARCH_PATHS = (
					"$(inherited)",
					"@executable_path/Frameworks",
				);
				PRODUCT_BUNDLE_IDENTIFIER = app.nishiwaki.sen.safety202102;
				PRODUCT_NAME = "$(TARGET_NAME)";
				SWIFT_VERSION = 5.0;
				TARGETED_DEVICE_FAMILY = "1,2";
			};
			name = Debug;
		};
		33703A4025E7E48F004619DB /* Release */ = {
			isa = XCBuildConfiguration;
			baseConfigurationReference = 1F89DCCAC40A713ADFC29602 /* Pods-safety202102.release.xcconfig */;
			buildSettings = {
				ASSETCATALOG_COMPILER_APPICON_NAME = AppIcon;
				ASSETCATALOG_COMPILER_GLOBAL_ACCENT_COLOR_NAME = AccentColor;
				CODE_SIGN_STYLE = Automatic;
				DEVELOPMENT_TEAM = 9J75UHWJ2Q;
				INFOPLIST_FILE = safety202102/Info.plist;
				LD_RUNPATH_SEARCH_PATHS = (
					"$(inherited)",
					"@executable_path/Frameworks",
				);
				PRODUCT_BUNDLE_IDENTIFIER = app.nishiwaki.sen.safety202102;
				PRODUCT_NAME = "$(TARGET_NAME)";
				SWIFT_VERSION = 5.0;
				TARGETED_DEVICE_FAMILY = "1,2";
			};
			name = Release;
		};
		33703A4225E7E48F004619DB /* Debug */ = {
			isa = XCBuildConfiguration;
			baseConfigurationReference = 93FA50F54EEC0DEA564E9AE8 /* Pods-safety202102Tests.debug.xcconfig */;
			buildSettings = {
				ALWAYS_EMBED_SWIFT_STANDARD_LIBRARIES = YES;
				BUNDLE_LOADER = "$(TEST_HOST)";
				CODE_SIGN_STYLE = Automatic;
				INFOPLIST_FILE = safety202102Tests/Info.plist;
				IPHONEOS_DEPLOYMENT_TARGET = 14.3;
				LD_RUNPATH_SEARCH_PATHS = (
					"$(inherited)",
					"@executable_path/Frameworks",
					"@loader_path/Frameworks",
				);
				PRODUCT_BUNDLE_IDENTIFIER = app.nishiwaki.sen.safety202102Tests;
				PRODUCT_NAME = "$(TARGET_NAME)";
				SWIFT_VERSION = 5.0;
				TARGETED_DEVICE_FAMILY = "1,2";
				TEST_HOST = "$(BUILT_PRODUCTS_DIR)/safety202102.app/safety202102";
			};
			name = Debug;
		};
		33703A4325E7E48F004619DB /* Release */ = {
			isa = XCBuildConfiguration;
			baseConfigurationReference = E09DB7CCFD60F516A6A53C89 /* Pods-safety202102Tests.release.xcconfig */;
			buildSettings = {
				ALWAYS_EMBED_SWIFT_STANDARD_LIBRARIES = YES;
				BUNDLE_LOADER = "$(TEST_HOST)";
				CODE_SIGN_STYLE = Automatic;
				INFOPLIST_FILE = safety202102Tests/Info.plist;
				IPHONEOS_DEPLOYMENT_TARGET = 14.3;
				LD_RUNPATH_SEARCH_PATHS = (
					"$(inherited)",
					"@executable_path/Frameworks",
					"@loader_path/Frameworks",
				);
				PRODUCT_BUNDLE_IDENTIFIER = app.nishiwaki.sen.safety202102Tests;
				PRODUCT_NAME = "$(TARGET_NAME)";
				SWIFT_VERSION = 5.0;
				TARGETED_DEVICE_FAMILY = "1,2";
				TEST_HOST = "$(BUILT_PRODUCTS_DIR)/safety202102.app/safety202102";
			};
			name = Release;
		};
		33703A4525E7E48F004619DB /* Debug */ = {
			isa = XCBuildConfiguration;
			baseConfigurationReference = 5912135AF1552D2F1AA265DA /* Pods-safety202102-safety202102UITests.debug.xcconfig */;
			buildSettings = {
				ALWAYS_EMBED_SWIFT_STANDARD_LIBRARIES = YES;
				CODE_SIGN_STYLE = Automatic;
				INFOPLIST_FILE = safety202102UITests/Info.plist;
				LD_RUNPATH_SEARCH_PATHS = (
					"$(inherited)",
					"@executable_path/Frameworks",
					"@loader_path/Frameworks",
				);
				PRODUCT_BUNDLE_IDENTIFIER = app.nishiwaki.sen.safety202102UITests;
				PRODUCT_NAME = "$(TARGET_NAME)";
				SWIFT_VERSION = 5.0;
				TARGETED_DEVICE_FAMILY = "1,2";
				TEST_TARGET_NAME = safety202102;
			};
			name = Debug;
		};
		33703A4625E7E48F004619DB /* Release */ = {
			isa = XCBuildConfiguration;
			baseConfigurationReference = 824115DB8F2EF2E2D70BE9D2 /* Pods-safety202102-safety202102UITests.release.xcconfig */;
			buildSettings = {
				ALWAYS_EMBED_SWIFT_STANDARD_LIBRARIES = YES;
				CODE_SIGN_STYLE = Automatic;
				INFOPLIST_FILE = safety202102UITests/Info.plist;
				LD_RUNPATH_SEARCH_PATHS = (
					"$(inherited)",
					"@executable_path/Frameworks",
					"@loader_path/Frameworks",
				);
				PRODUCT_BUNDLE_IDENTIFIER = app.nishiwaki.sen.safety202102UITests;
				PRODUCT_NAME = "$(TARGET_NAME)";
				SWIFT_VERSION = 5.0;
				TARGETED_DEVICE_FAMILY = "1,2";
				TEST_TARGET_NAME = safety202102;
			};
			name = Release;
		};
/* End XCBuildConfiguration section */

/* Begin XCConfigurationList section */
		33703A0F25E7E48B004619DB /* Build configuration list for PBXProject "safety202102" */ = {
			isa = XCConfigurationList;
			buildConfigurations = (
				33703A3C25E7E48F004619DB /* Debug */,
				33703A3D25E7E48F004619DB /* Release */,
			);
			defaultConfigurationIsVisible = 0;
			defaultConfigurationName = Release;
		};
		33703A3E25E7E48F004619DB /* Build configuration list for PBXNativeTarget "safety202102" */ = {
			isa = XCConfigurationList;
			buildConfigurations = (
				33703A3F25E7E48F004619DB /* Debug */,
				33703A4025E7E48F004619DB /* Release */,
			);
			defaultConfigurationIsVisible = 0;
			defaultConfigurationName = Release;
		};
		33703A4125E7E48F004619DB /* Build configuration list for PBXNativeTarget "safety202102Tests" */ = {
			isa = XCConfigurationList;
			buildConfigurations = (
				33703A4225E7E48F004619DB /* Debug */,
				33703A4325E7E48F004619DB /* Release */,
			);
			defaultConfigurationIsVisible = 0;
			defaultConfigurationName = Release;
		};
		33703A4425E7E48F004619DB /* Build configuration list for PBXNativeTarget "safety202102UITests" */ = {
			isa = XCConfigurationList;
			buildConfigurations = (
				33703A4525E7E48F004619DB /* Debug */,
				33703A4625E7E48F004619DB /* Release */,
			);
			defaultConfigurationIsVisible = 0;
			defaultConfigurationName = Release;
		};
/* End XCConfigurationList section */
	};
	rootObject = 33703A0C25E7E48B004619DB /* Project object */;
}
